// !$*UTF8*$!
{
	archiveVersion = 1;
	classes = {
	};
	objectVersion = 46;
	objects = {

/* Begin PBXBuildFile section */
		A316997D1E5BF9EF00B24BE8 /* AppDelegate.swift in Sources */ = {isa = PBXBuildFile; fileRef = A316997C1E5BF9EF00B24BE8 /* AppDelegate.swift */; };
		A316997F1E5BF9EF00B24BE8 /* ViewController.swift in Sources */ = {isa = PBXBuildFile; fileRef = A316997E1E5BF9EF00B24BE8 /* ViewController.swift */; };
		A31699821E5BF9EF00B24BE8 /* Main.storyboard in Resources */ = {isa = PBXBuildFile; fileRef = A31699801E5BF9EF00B24BE8 /* Main.storyboard */; };
		A31699841E5BF9EF00B24BE8 /* Assets.xcassets in Resources */ = {isa = PBXBuildFile; fileRef = A31699831E5BF9EF00B24BE8 /* Assets.xcassets */; };
		A31699871E5BF9EF00B24BE8 /* LaunchScreen.storyboard in Resources */ = {isa = PBXBuildFile; fileRef = A31699851E5BF9EF00B24BE8 /* LaunchScreen.storyboard */; };
/* End PBXBuildFile section */

/* Begin PBXFileReference section */
		A31699791E5BF9EF00B24BE8 /* Word-O-Rama.app */ = {isa = PBXFileReference; explicitFileType = wrapper.application; includeInIndex = 0; path = "Word-O-Rama.app"; sourceTree = BUILT_PRODUCTS_DIR; };
		A316997C1E5BF9EF00B24BE8 /* AppDelegate.swift */ = {isa = PBXFileReference; lastKnownFileType = sourcecode.swift; path = AppDelegate.swift; sourceTree = "<group>"; };
		A316997E1E5BF9EF00B24BE8 /* ViewController.swift */ = {isa = PBXFileReference; lastKnownFileType = sourcecode.swift; path = ViewController.swift; sourceTree = "<group>"; };
		A31699811E5BF9EF00B24BE8 /* Base */ = {isa = PBXFileReference; lastKnownFileType = file.storyboard; name = Base; path = Base.lproj/Main.storyboard; sourceTree = "<group>"; };
		A31699831E5BF9EF00B24BE8 /* Assets.xcassets */ = {isa = PBXFileReference; lastKnownFileType = folder.assetcatalog; path = Assets.xcassets; sourceTree = "<group>"; };
		A31699861E5BF9EF00B24BE8 /* Base */ = {isa = PBXFileReference; lastKnownFileType = file.storyboard; name = Base; path = Base.lproj/LaunchScreen.storyboard; sourceTree = "<group>"; };
		A31699881E5BF9EF00B24BE8 /* Info.plist */ = {isa = PBXFileReference; lastKnownFileType = text.plist.xml; path = Info.plist; sourceTree = "<group>"; };
/* End PBXFileReference section */

/* Begin PBXFrameworksBuildPhase section */
		A31699761E5BF9EE00B24BE8 /* Frameworks */ = {
			isa = PBXFrameworksBuildPhase;
			buildActionMask = 2147483647;
			files = (
			);
			runOnlyForDeploymentPostprocessing = 0;
		};
/* End PBXFrameworksBuildPhase section */

/* Begin PBXGroup section */
		A31699701E5BF9EE00B24BE8 = {
			isa = PBXGroup;
			children = (
				A316997B1E5BF9EF00B24BE8 /* Word-O-Rama */,
				A316997A1E5BF9EF00B24BE8 /* Products */,
			);
			sourceTree = "<group>";
		};
		A316997A1E5BF9EF00B24BE8 /* Products */ = {
			isa = PBXGroup;
			children = (
				A31699791E5BF9EF00B24BE8 /* Word-O-Rama.app */,
			);
			name = Products;
			sourceTree = "<group>";
		};
		A316997B1E5BF9EF00B24BE8 /* Word-O-Rama */ = {
			isa = PBXGroup;
			children = (
				A316997C1E5BF9EF00B24BE8 /* AppDelegate.swift */,
				A316997E1E5BF9EF00B24BE8 /* ViewController.swift */,
				A31699801E5BF9EF00B24BE8 /* Main.storyboard */,
				A31699831E5BF9EF00B24BE8 /* Assets.xcassets */,
				A31699851E5BF9EF00B24BE8 /* LaunchScreen.storyboard */,
				A31699881E5BF9EF00B24BE8 /* Info.plist */,
			);
			path = "Word-O-Rama";
			sourceTree = "<group>";
		};
/* End PBXGroup section */

/* Begin PBXNativeTarget section */
		A31699781E5BF9EE00B24BE8 /* Word-O-Rama */ = {
			isa = PBXNativeTarget;
			buildConfigurationList = A316998B1E5BF9EF00B24BE8 /* Build configuration list for PBXNativeTarget "Word-O-Rama" */;
			buildPhases = (
				A31699751E5BF9EE00B24BE8 /* Sources */,
				A31699761E5BF9EE00B24BE8 /* Frameworks */,
				A31699771E5BF9EE00B24BE8 /* Resources */,
			);
			buildRules = (
			);
			dependencies = (
			);
			name = "Word-O-Rama";
			productName = "Word-O-Rama";
			productReference = A31699791E5BF9EF00B24BE8 /* Word-O-Rama.app */;
			productType = "com.apple.product-type.application";
		};
/* End PBXNativeTarget section */

/* Begin PBXProject section */
		A31699711E5BF9EE00B24BE8 /* Project object */ = {
			isa = PBXProject;
			attributes = {
				LastSwiftUpdateCheck = 0820;
				LastUpgradeCheck = 0820;
				ORGANIZATIONNAME = "Luke Schwarting";
				TargetAttributes = {
					A31699781E5BF9EE00B24BE8 = {
						CreatedOnToolsVersion = 8.2.1;
						ProvisioningStyle = Automatic;
					};
				};
			};
			buildConfigurationList = A31699741E5BF9EE00B24BE8 /* Build configuration list for PBXProject "Word-O-Rama" */;
			compatibilityVersion = "Xcode 3.2";
			developmentRegion = English;
			hasScannedForEncodings = 0;
			knownRegions = (
				en,
				Base,
			);
			mainGroup = A31699701E5BF9EE00B24BE8;
			productRefGroup = A316997A1E5BF9EF00B24BE8 /* Products */;
			projectDirPath = "";
			projectRoot = "";
			targets = (
				A31699781E5BF9EE00B24BE8 /* Word-O-Rama */,
			);
		};
/* End PBXProject section */

/* Begin PBXResourcesBuildPhase section */
		A31699771E5BF9EE00B24BE8 /* Resources */ = {
			isa = PBXResourcesBuildPhase;
			buildActionMask = 2147483647;
			files = (
				A31699871E5BF9EF00B24BE8 /* LaunchScreen.storyboard in Resources */,
				A31699841E5BF9EF00B24BE8 /* Assets.xcassets in Resources */,
				A31699821E5BF9EF00B24BE8 /* Main.storyboard in Resources */,
			);
			runOnlyForDeploymentPostprocessing = 0;
		};
/* End PBXResourcesBuildPhase section */

/* Begin PBXSourcesBuildPhase section */
		A31699751E5BF9EE00B24BE8 /* Sources */ = {
			isa = PBXSourcesBuildPhase;
			buildActionMask = 2147483647;
			files = (
				A316997F1E5BF9EF00B24BE8 /* ViewController.swift in Sources */,
				A316997D1E5BF9EF00B24BE8 /* AppDelegate.swift in Sources */,
			);
			runOnlyForDeploymentPostprocessing = 0;
		};
/* End PBXSourcesBuildPhase section */

/* Begin PBXVariantGroup section */
		A31699801E5BF9EF00B24BE8 /* Main.storyboard */ = {
			isa = PBXVariantGroup;
			children = (
				A31699811E5BF9EF00B24BE8 /* Base */,
			);
			name = Main.storyboard;
			sourceTree = "<group>";
		};
		A31699851E5BF9EF00B24BE8 /* LaunchScreen.storyboard */ = {
			isa = PBXVariantGroup;
			children = (
				A31699861E5BF9EF00B24BE8 /* Base */,
			);
			name = LaunchScreen.storyboard;
			sourceTree = "<group>";
		};
/* End PBXVariantGroup section */

/* Begin XCBuildConfiguration section */
		A31699891E5BF9EF00B24BE8 /* Debug */ = {
			isa = XCBuildConfiguration;
			buildSettings = {
				ALWAYS_SEARCH_USER_PATHS = NO;
				CLANG_ANALYZER_NONNULL = YES;
				CLANG_CXX_LANGUAGE_STANDARD = "gnu++0x";
				CLANG_CXX_LIBRARY = "libc++";
				CLANG_ENABLE_MODULES = YES;
				CLANG_ENABLE_OBJC_ARC = YES;
				CLANG_WARN_BOOL_CONVERSION = YES;
				CLANG_WARN_CONSTANT_CONVERSION = YES;
				CLANG_WARN_DIRECT_OBJC_ISA_USAGE = YES_ERROR;
				CLANG_WARN_DOCUMENTATION_COMMENTS = YES;
				CLANG_WARN_EMPTY_BODY = YES;
				CLANG_WARN_ENUM_CONVERSION = YES;
				CLANG_WARN_INFINITE_RECURSION = YES;
				CLANG_WARN_INT_CONVERSION = YES;
				CLANG_WARN_OBJC_ROOT_CLASS = YES_ERROR;
				CLANG_WARN_SUSPICIOUS_MOVE = YES;
				CLANG_WARN_UNREACHABLE_CODE = YES;
				CLANG_WARN__DUPLICATE_METHOD_MATCH = YES;
				"CODE_SIGN_IDENTITY[sdk=iphoneos*]" = "iPhone Developer";
				COPY_PHASE_STRIP = NO;
				DEBUG_INFORMATION_FORMAT = dwarf;
				ENABLE_STRICT_OBJC_MSGSEND = YES;
				ENABLE_TESTABILITY = YES;
				GCC_C_LANGUAGE_STANDARD = gnu99;
				GCC_DYNAMIC_NO_PIC = NO;
				GCC_NO_COMMON_BLOCKS = YES;
				GCC_OPTIMIZATION_LEVEL = 0;
				GCC_PREPROCESSOR_DEFINITIONS = (
					"DEBUG=1",
					"$(inherited)",
				);
				GCC_WARN_64_TO_32_BIT_CONVERSION = YES;
				GCC_WARN_ABOUT_RETURN_TYPE = YES_ERROR;
				GCC_WARN_UNDECLARED_SELECTOR = YES;
				GCC_WARN_UNINITIALIZED_AUTOS = YES_AGGRESSIVE;
				GCC_WARN_UNUSED_FUNCTION = YES;
				GCC_WARN_UNUSED_VARIABLE = YES;
				IPHONEOS_DEPLOYMENT_TARGET = 10.2;
				MTL_ENABLE_DEBUG_INFO = YES;
				ONLY_ACTIVE_ARCH = YES;
				SDKROOT = iphoneos;
				SWIFT_ACTIVE_COMPILATION_CONDITIONS = DEBUG;
				SWIFT_OPTIMIZATION_LEVEL = "-Onone";
				TARGETED_DEVICE_FAMILY = "1,2";
			};
			name = Debug;
		};
		A316998A1E5BF9EF00B24BE8 /* Release */ = {
			isa = XCBuildConfiguration;
			buildSettings = {
				ALWAYS_SEARCH_USER_PATHS = NO;
				CLANG_ANALYZER_NONNULL = YES;
				CLANG_CXX_LANGUAGE_STANDARD = "gnu++0x";
				CLANG_CXX_LIBRARY = "libc++";
				CLANG_ENABLE_MODULES = YES;
				CLANG_ENABLE_OBJC_ARC = YES;
				CLANG_WARN_BOOL_CONVERSION = YES;
				CLANG_WARN_CONSTANT_CONVERSION = YES;
				CLANG_WARN_DIRECT_OBJC_ISA_USAGE = YES_ERROR;
				CLANG_WARN_DOCUMENTATION_COMMENTS = YES;
				CLANG_WARN_EMPTY_BODY = YES;
				CLANG_WARN_ENUM_CONVERSION = YES;
				CLANG_WARN_INFINITE_RECURSION = YES;
				CLANG_WARN_INT_CONVERSION = YES;
				CLANG_WARN_OBJC_ROOT_CLASS = YES_ERROR;
				CLANG_WARN_SUSPICIOUS_MOVE = YES;
				CLANG_WARN_UNREACHABLE_CODE = YES;
				CLANG_WARN__DUPLICATE_METHOD_MATCH = YES;
				"CODE_SIGN_IDENTITY[sdk=iphoneos*]" = "iPhone Developer";
				COPY_PHASE_STRIP = NO;
				DEBUG_INFORMATION_FORMAT = "dwarf-with-dsym";
				ENABLE_NS_ASSERTIONS = NO;
				ENABLE_STRICT_OBJC_MSGSEND = YES;
				GCC_C_LANGUAGE_STANDARD = gnu99;
				GCC_NO_COMMON_BLOCKS = YES;
				GCC_WARN_64_TO_32_BIT_CONVERSION = YES;
				GCC_WARN_ABOUT_RETURN_TYPE = YES_ERROR;
				GCC_WARN_UNDECLARED_SELECTOR = YES;
				GCC_WARN_UNINITIALIZED_AUTOS = YES_AGGRESSIVE;
				GCC_WARN_UNUSED_FUNCTION = YES;
				GCC_WARN_UNUSED_VARIABLE = YES;
				IPHONEOS_DEPLOYMENT_TARGET = 10.2;
				MTL_ENABLE_DEBUG_INFO = NO;
				SDKROOT = iphoneos;
				SWIFT_OPTIMIZATION_LEVEL = "-Owholemodule";
				TARGETED_DEVICE_FAMILY = "1,2";
				VALIDATE_PRODUCT = YES;
			};
			name = Release;
		};
		A316998C1E5BF9EF00B24BE8 /* Debug */ = {
			isa = XCBuildConfiguration;
			buildSettings = {
				ASSETCATALOG_COMPILER_APPICON_NAME = AppIcon;
				INFOPLIST_FILE = "Word-O-Rama/Info.plist";
				LD_RUNPATH_SEARCH_PATHS = "$(inherited) @executable_path/Frameworks";
				PRODUCT_BUNDLE_IDENTIFIER = "lukeS.rit.Word-O-Rama";
				PRODUCT_NAME = "$(TARGET_NAME)";
				SWIFT_VERSION = 3.0;
			};
			name = Debug;
		};
		A316998D1E5BF9EF00B24BE8 /* Release */ = {
			isa = XCBuildConfiguration;
			buildSettings = {
				ASSETCATALOG_COMPILER_APPICON_NAME = AppIcon;
				INFOPLIST_FILE = "Word-O-Rama/Info.plist";
				LD_RUNPATH_SEARCH_PATHS = "$(inherited) @executable_path/Frameworks";
				PRODUCT_BUNDLE_IDENTIFIER = "lukeS.rit.Word-O-Rama";
				PRODUCT_NAME = "$(TARGET_NAME)";
				SWIFT_VERSION = 3.0;
			};
			name = Release;
		};
/* End XCBuildConfiguration section */

/* Begin XCConfigurationList section */
		A31699741E5BF9EE00B24BE8 /* Build configuration list for PBXProject "Word-O-Rama" */ = {
			isa = XCConfigurationList;
			buildConfigurations = (
				A31699891E5BF9EF00B24BE8 /* Debug */,
				A316998A1E5BF9EF00B24BE8 /* Release */,
			);
			defaultConfigurationIsVisible = 0;
			defaultConfigurationName = Release;
		};
		A316998B1E5BF9EF00B24BE8 /* Build configuration list for PBXNativeTarget "Word-O-Rama" */ = {
			isa = XCConfigurationList;
			buildConfigurations = (
				A316998C1E5BF9EF00B24BE8 /* Debug */,
				A316998D1E5BF9EF00B24BE8 /* Release */,
			);
			defaultConfigurationIsVisible = 0;
		};
/* End XCConfigurationList section */
	};
	rootObject = A31699711E5BF9EE00B24BE8 /* Project object */;
}
